{
  "requires": true,
  "lockfileVersion": 1,
  "dependencies": {
    "@sveguru/lazy-loading": {
      "version": "0.0.39",
      "resolved": "https://registry.npmjs.org/@sveguru/lazy-loading/-/lazy-loading-0.0.39.tgz",
      "integrity": "sha512-kTPQo1WzNTCt3D0wX5A+zF0PSKpntx3toUYUXYSTRHtVyZ/A5fBqmsDbc9RYdBzrY/x8ao4OjvOozPVc4a7vIg=="
    },
    "@sveguru/youtube": {
      "version": "0.0.39",
      "resolved": "https://registry.npmjs.org/@sveguru/youtube/-/youtube-0.0.39.tgz",
      "integrity": "sha512-6hGLlRlotiH2KuNIOfePbqtCcSFTjmPT3jH1byYhKODsyMEwHf+IIqDVX0e7DBr2pYmVIss8ot1mz1GXcKcPcQ=="
    }
  }
}
